
Microsoft Visual Studio Solution File, Format Version 11.00
# Visual Studio 2010
Project("{FAE04EC0-301F-11D3-BF4B-00C04F79EFBC}") = "DbUp", "DbUp\DbUp.csproj", "{2D2C117A-7841-4285-A4CE-E7C4FC64AD9B}"
EndProject
Project("{2150E333-8FDC-42A3-9474-1A3956D46DE8}") = "Samples", "Samples", "{C6A39A77-AEF6-421D-8198-E15821B80F9D}"
EndProject
Project("{FAE04EC0-301F-11D3-BF4B-00C04F79EFBC}") = "SampleApplication", "Samples\SampleApplication\SampleApplication.csproj", "{83042F56-9FAD-4827-B542-6873F93D7940}"
EndProject
Project("{2150E333-8FDC-42A3-9474-1A3956D46DE8}") = "Information", "Information", "{FA530374-E28B-419B-BCA2-82A0512774F2}"
	ProjectSection(SolutionItems) = preProject
		Information\SolutionInfo.cs = Information\SolutionInfo.cs
		Information\VersionInfo.cs = Information\VersionInfo.cs
	EndProjectSection
EndProject
Project("{FAE04EC0-301F-11D3-BF4B-00C04F79EFBC}") = "DbUp.Specification", "DbUp.Specification\DbUp.Specification.csproj", "{80A9E08A-13F3-4721-9849-C55167FE21A5}"
EndProject
Project("{2150E333-8FDC-42A3-9474-1A3956D46DE8}") = "Build", "Build", "{C6CF2BB4-BFE4-4531-88D2-85F3EA640563}"
	ProjectSection(SolutionItems) = preProject
		..\build\build.proj = ..\build\build.proj
		..\build\dbup.nuspec = ..\build\dbup.nuspec
		nuget.config = nuget.config
	EndProjectSection
EndProject
Global
	GlobalSection(SolutionConfigurationPlatforms) = preSolution
		Debug|Any CPU = Debug|Any CPU
		Default|Any CPU = Default|Any CPU
		Release|Any CPU = Release|Any CPU
	EndGlobalSection
	GlobalSection(ProjectConfigurationPlatforms) = postSolution
		{2D2C117A-7841-4285-A4CE-E7C4FC64AD9B}.Debug|Any CPU.ActiveCfg = Debug|Any CPU
		{2D2C117A-7841-4285-A4CE-E7C4FC64AD9B}.Debug|Any CPU.Build.0 = Debug|Any CPU
		{2D2C117A-7841-4285-A4CE-E7C4FC64AD9B}.Default|Any CPU.ActiveCfg = Debug|Any CPU
		{2D2C117A-7841-4285-A4CE-E7C4FC64AD9B}.Release|Any CPU.ActiveCfg = Release|Any CPU
		{2D2C117A-7841-4285-A4CE-E7C4FC64AD9B}.Release|Any CPU.Build.0 = Release|Any CPU
		{83042F56-9FAD-4827-B542-6873F93D7940}.Debug|Any CPU.ActiveCfg = Debug|Any CPU
		{83042F56-9FAD-4827-B542-6873F93D7940}.Debug|Any CPU.Build.0 = Debug|Any CPU
		{83042F56-9FAD-4827-B542-6873F93D7940}.Default|Any CPU.ActiveCfg = Debug|Any CPU
		{83042F56-9FAD-4827-B542-6873F93D7940}.Release|Any CPU.ActiveCfg = Release|Any CPU
		{83042F56-9FAD-4827-B542-6873F93D7940}.Release|Any CPU.Build.0 = Release|Any CPU
		{80A9E08A-13F3-4721-9849-C55167FE21A5}.Debug|Any CPU.ActiveCfg = Debug|Any CPU
		{80A9E08A-13F3-4721-9849-C55167FE21A5}.Debug|Any CPU.Build.0 = Debug|Any CPU
		{80A9E08A-13F3-4721-9849-C55167FE21A5}.Default|Any CPU.ActiveCfg = Debug|Any CPU
		{80A9E08A-13F3-4721-9849-C55167FE21A5}.Default|Any CPU.Build.0 = Debug|Any CPU
		{80A9E08A-13F3-4721-9849-C55167FE21A5}.Release|Any CPU.ActiveCfg = Release|Any CPU
		{80A9E08A-13F3-4721-9849-C55167FE21A5}.Release|Any CPU.Build.0 = Release|Any CPU
	EndGlobalSection
	GlobalSection(SolutionProperties) = preSolution
		HideSolutionNode = FALSE
	EndGlobalSection
	GlobalSection(NestedProjects) = preSolution
		{83042F56-9FAD-4827-B542-6873F93D7940} = {C6A39A77-AEF6-421D-8198-E15821B80F9D}
	EndGlobalSection
	GlobalSection(MonoDevelopProperties) = preSolution
		StartupItem = DbUp\DbUp.csproj
	EndGlobalSection
EndGlobal
