Microsoft Visual Studio Solution File, Format Version 12.00
# Visual Studio Version 17
VisualStudioVersion = 17.2.32427.441
MinimumVisualStudioVersion = 10.0.40219.1
Project("{2150E333-8FDC-42A3-9474-1A3956D46DE8}") = "_", "_", "{FA530374-E28B-419B-BCA2-82A0512774F2}"
	ProjectSection(SolutionItems) = preProject
		.editorconfig = .editorconfig
		..\.gitignore = ..\.gitignore
		Directory.Build.props = Directory.Build.props
		Directory.Build.targets = Directory.Build.targets
		..\GitVersion.yml = ..\GitVersion.yml
		..\README.md = ..\README.md
	EndProjectSection
EndProject
Project("{9A19103F-16F7-4668-BE54-9A1E7A4F7556}") = "dbup-core", "dbup-core\dbup-core.csproj", "{C98DE7C6-AF51-4901-904D-75FCCB17EE31}"
EndProject
Project("{9A19103F-16F7-4668-BE54-9A1E7A4F7556}") = "dbup-tests", "dbup-tests\dbup-tests.csproj", "{854B6565-B423-4E2C-938B-406C6EAC9C0E}"
EndProject
Project("{2150E333-8FDC-42A3-9474-1A3956D46DE8}") = "Build", "Build", "{7BA5C1AE-AF4F-4BC3-82FC-E9FEEA6D37A6}"
	ProjectSection(SolutionItems) = preProject
		..\.github\workflows\publish-release.yml = ..\.github\workflows\publish-release.yml
		..\.github\workflows\test-report.yml = ..\.github\workflows\test-report.yml
		..\.github\workflows\main.yml = ..\.github\workflows\main.yml
	EndProjectSection
EndProject
Project("{9A19103F-16F7-4668-BE54-9A1E7A4F7556}") = "Tests.Common", "Tests.Common\Tests.Common.csproj", "{B25DA0B8-6A43-499F-84BE-91132AC433B5}"
EndProject
Global
	GlobalSection(SolutionConfigurationPlatforms) = preSolution
		Debug|Any CPU = Debug|Any CPU
		Release|Any CPU = Release|Any CPU
	EndGlobalSection
	GlobalSection(ProjectConfigurationPlatforms) = postSolution
		{C98DE7C6-AF51-4901-904D-75FCCB17EE31}.Debug|Any CPU.ActiveCfg = Debug|Any CPU
		{C98DE7C6-AF51-4901-904D-75FCCB17EE31}.Debug|Any CPU.Build.0 = Debug|Any CPU
		{C98DE7C6-AF51-4901-904D-75FCCB17EE31}.Release|Any CPU.ActiveCfg = Release|Any CPU
		{C98DE7C6-AF51-4901-904D-75FCCB17EE31}.Release|Any CPU.Build.0 = Release|Any CPU
		{854B6565-B423-4E2C-938B-406C6EAC9C0E}.Debug|Any CPU.ActiveCfg = Debug|Any CPU
		{854B6565-B423-4E2C-938B-406C6EAC9C0E}.Debug|Any CPU.Build.0 = Debug|Any CPU
		{854B6565-B423-4E2C-938B-406C6EAC9C0E}.Release|Any CPU.ActiveCfg = Release|Any CPU
		{854B6565-B423-4E2C-938B-406C6EAC9C0E}.Release|Any CPU.Build.0 = Release|Any CPU
		{B25DA0B8-6A43-499F-84BE-91132AC433B5}.Debug|Any CPU.ActiveCfg = Debug|Any CPU
		{B25DA0B8-6A43-499F-84BE-91132AC433B5}.Debug|Any CPU.Build.0 = Debug|Any CPU
		{B25DA0B8-6A43-499F-84BE-91132AC433B5}.Release|Any CPU.ActiveCfg = Release|Any CPU
		{B25DA0B8-6A43-499F-84BE-91132AC433B5}.Release|Any CPU.Build.0 = Release|Any CPU
	EndGlobalSection
	GlobalSection(SolutionProperties) = preSolution
		HideSolutionNode = FALSE
	EndGlobalSection
	GlobalSection(NestedProjects) = preSolution
	EndGlobalSection
	GlobalSection(ExtensibilityGlobals) = postSolution
		SolutionGuid = {6807402B-EE7A-4324-A615-28F3499B1E9F}
	EndGlobalSection
	GlobalSection(MonoDevelopProperties) = preSolution
		StartupItem = DbUp\DbUp.csproj
	EndGlobalSection
EndGlobal
