
Microsoft Visual Studio Solution File, Format Version 12.00
# Visual Studio 2012
Project("{FAE04EC0-301F-11D3-BF4B-00C04F79EFBC}") = "DbUp", "DbUp\DbUp.csproj", "{2D2C117A-7841-4285-A4CE-E7C4FC64AD9B}"
EndProject
Project("{2150E333-8FDC-42A3-9474-1A3956D46DE8}") = "Samples", "Samples", "{C6A39A77-AEF6-421D-8198-E15821B80F9D}"
EndProject
Project("{FAE04EC0-301F-11D3-BF4B-00C04F79EFBC}") = "SampleApplication", "Samples\SampleApplication\SampleApplication.csproj", "{83042F56-9FAD-4827-B542-6873F93D7940}"
EndProject
Project("{2150E333-8FDC-42A3-9474-1A3956D46DE8}") = "Information", "Information", "{FA530374-E28B-419B-BCA2-82A0512774F2}"
	ProjectSection(SolutionItems) = preProject
		Information\SolutionInfo.cs = Information\SolutionInfo.cs
		Information\VersionInfo.cs = Information\VersionInfo.cs
	EndProjectSection
EndProject
Project("{FAE04EC0-301F-11D3-BF4B-00C04F79EFBC}") = "DbUp.Tests", "DbUp.Specification\DbUp.Tests.csproj", "{80A9E08A-13F3-4721-9849-C55167FE21A5}"
EndProject
Project("{2150E333-8FDC-42A3-9474-1A3956D46DE8}") = "Build", "Build", "{C6CF2BB4-BFE4-4531-88D2-85F3EA640563}"
	ProjectSection(SolutionItems) = preProject
		..\build\build.proj = ..\build\build.proj
		..\build\dbup.nuspec = ..\build\dbup.nuspec
		..\build\dbup.sqlce.nuspec = ..\build\dbup.sqlce.nuspec
		..\build\dbup.sqlite.nuspec = ..\build\dbup.sqlite.nuspec
		nuget.config = nuget.config
	EndProjectSection
EndProject
Project("{FAE04EC0-301F-11D3-BF4B-00C04F79EFBC}") = "DbUp.Console", "DbUp.Console\DbUp.Console.csproj", "{C4499BDA-7ED5-4CB6-9B44-E835854D9246}"
EndProject
Project("{FAE04EC0-301F-11D3-BF4B-00C04F79EFBC}") = "DbUp.SqlCe", "DbUp.SqlCe\DbUp.SqlCe.csproj", "{E7EDAFD6-1DD3-4D85-806A-20340032D2A9}"
EndProject
Project("{2150E333-8FDC-42A3-9474-1A3956D46DE8}") = ".nuget", ".nuget", "{05BC06EA-80D8-4746-8C76-62251BAD4192}"
	ProjectSection(SolutionItems) = preProject
		.nuget\packages.config = .nuget\packages.config
	EndProjectSection
EndProject
Project("{FAE04EC0-301F-11D3-BF4B-00C04F79EFBC}") = "DbUp.SQLite", "DbUp.Sqlite\DbUp.SQLite.csproj", "{437CDD05-6DF9-46CB-95C0-36774B10AACB}"
EndProject
Project("{FAE04EC0-301F-11D3-BF4B-00C04F79EFBC}") = "SQLiteSampleApplication", "Samples\SQLiteSampleApplication\SQLiteSampleApplication.csproj", "{FD894CD2-4D67-4BD8-8E3C-CDA4BD7A00A3}"
EndProject
Global
	GlobalSection(SolutionConfigurationPlatforms) = preSolution
		Debug|Any CPU = Debug|Any CPU
		Debug|Mixed Platforms = Debug|Mixed Platforms
		Debug|x86 = Debug|x86
		Default|Any CPU = Default|Any CPU
		Default|Mixed Platforms = Default|Mixed Platforms
		Default|x86 = Default|x86
		Release|Any CPU = Release|Any CPU
		Release|Mixed Platforms = Release|Mixed Platforms
		Release|x86 = Release|x86
	EndGlobalSection
	GlobalSection(ProjectConfigurationPlatforms) = postSolution
		{2D2C117A-7841-4285-A4CE-E7C4FC64AD9B}.Debug|Any CPU.ActiveCfg = Debug|Any CPU
		{2D2C117A-7841-4285-A4CE-E7C4FC64AD9B}.Debug|Any CPU.Build.0 = Debug|Any CPU
		{2D2C117A-7841-4285-A4CE-E7C4FC64AD9B}.Debug|Mixed Platforms.ActiveCfg = Debug|Any CPU
		{2D2C117A-7841-4285-A4CE-E7C4FC64AD9B}.Debug|Mixed Platforms.Build.0 = Debug|Any CPU
		{2D2C117A-7841-4285-A4CE-E7C4FC64AD9B}.Debug|x86.ActiveCfg = Debug|Any CPU
		{2D2C117A-7841-4285-A4CE-E7C4FC64AD9B}.Default|Any CPU.ActiveCfg = Debug|Any CPU
		{2D2C117A-7841-4285-A4CE-E7C4FC64AD9B}.Default|Mixed Platforms.ActiveCfg = Debug|Any CPU
		{2D2C117A-7841-4285-A4CE-E7C4FC64AD9B}.Default|Mixed Platforms.Build.0 = Debug|Any CPU
		{2D2C117A-7841-4285-A4CE-E7C4FC64AD9B}.Default|x86.ActiveCfg = Debug|Any CPU
		{2D2C117A-7841-4285-A4CE-E7C4FC64AD9B}.Release|Any CPU.ActiveCfg = Release|Any CPU
		{2D2C117A-7841-4285-A4CE-E7C4FC64AD9B}.Release|Any CPU.Build.0 = Release|Any CPU
		{2D2C117A-7841-4285-A4CE-E7C4FC64AD9B}.Release|Mixed Platforms.ActiveCfg = Release|Any CPU
		{2D2C117A-7841-4285-A4CE-E7C4FC64AD9B}.Release|Mixed Platforms.Build.0 = Release|Any CPU
		{2D2C117A-7841-4285-A4CE-E7C4FC64AD9B}.Release|x86.ActiveCfg = Release|Any CPU
		{83042F56-9FAD-4827-B542-6873F93D7940}.Debug|Any CPU.ActiveCfg = Debug|Any CPU
		{83042F56-9FAD-4827-B542-6873F93D7940}.Debug|Any CPU.Build.0 = Debug|Any CPU
		{83042F56-9FAD-4827-B542-6873F93D7940}.Debug|Mixed Platforms.ActiveCfg = Debug|Any CPU
		{83042F56-9FAD-4827-B542-6873F93D7940}.Debug|Mixed Platforms.Build.0 = Debug|Any CPU
		{83042F56-9FAD-4827-B542-6873F93D7940}.Debug|x86.ActiveCfg = Debug|Any CPU
		{83042F56-9FAD-4827-B542-6873F93D7940}.Default|Any CPU.ActiveCfg = Debug|Any CPU
		{83042F56-9FAD-4827-B542-6873F93D7940}.Default|Mixed Platforms.ActiveCfg = Debug|Any CPU
		{83042F56-9FAD-4827-B542-6873F93D7940}.Default|Mixed Platforms.Build.0 = Debug|Any CPU
		{83042F56-9FAD-4827-B542-6873F93D7940}.Default|x86.ActiveCfg = Debug|Any CPU
		{83042F56-9FAD-4827-B542-6873F93D7940}.Release|Any CPU.ActiveCfg = Release|Any CPU
		{83042F56-9FAD-4827-B542-6873F93D7940}.Release|Any CPU.Build.0 = Release|Any CPU
		{83042F56-9FAD-4827-B542-6873F93D7940}.Release|Mixed Platforms.ActiveCfg = Release|Any CPU
		{83042F56-9FAD-4827-B542-6873F93D7940}.Release|Mixed Platforms.Build.0 = Release|Any CPU
		{83042F56-9FAD-4827-B542-6873F93D7940}.Release|x86.ActiveCfg = Release|Any CPU
		{80A9E08A-13F3-4721-9849-C55167FE21A5}.Debug|Any CPU.ActiveCfg = Debug|Any CPU
		{80A9E08A-13F3-4721-9849-C55167FE21A5}.Debug|Any CPU.Build.0 = Debug|Any CPU
		{80A9E08A-13F3-4721-9849-C55167FE21A5}.Debug|Mixed Platforms.ActiveCfg = Debug|Any CPU
		{80A9E08A-13F3-4721-9849-C55167FE21A5}.Debug|Mixed Platforms.Build.0 = Debug|Any CPU
		{80A9E08A-13F3-4721-9849-C55167FE21A5}.Debug|x86.ActiveCfg = Debug|Any CPU
		{80A9E08A-13F3-4721-9849-C55167FE21A5}.Default|Any CPU.ActiveCfg = Debug|Any CPU
		{80A9E08A-13F3-4721-9849-C55167FE21A5}.Default|Any CPU.Build.0 = Debug|Any CPU
		{80A9E08A-13F3-4721-9849-C55167FE21A5}.Default|Mixed Platforms.ActiveCfg = Debug|Any CPU
		{80A9E08A-13F3-4721-9849-C55167FE21A5}.Default|Mixed Platforms.Build.0 = Debug|Any CPU
		{80A9E08A-13F3-4721-9849-C55167FE21A5}.Default|x86.ActiveCfg = Debug|Any CPU
		{80A9E08A-13F3-4721-9849-C55167FE21A5}.Release|Any CPU.ActiveCfg = Release|Any CPU
		{80A9E08A-13F3-4721-9849-C55167FE21A5}.Release|Any CPU.Build.0 = Release|Any CPU
		{80A9E08A-13F3-4721-9849-C55167FE21A5}.Release|Mixed Platforms.ActiveCfg = Release|Any CPU
		{80A9E08A-13F3-4721-9849-C55167FE21A5}.Release|Mixed Platforms.Build.0 = Release|Any CPU
		{80A9E08A-13F3-4721-9849-C55167FE21A5}.Release|x86.ActiveCfg = Release|Any CPU
		{C4499BDA-7ED5-4CB6-9B44-E835854D9246}.Debug|Any CPU.ActiveCfg = Debug|x86
		{C4499BDA-7ED5-4CB6-9B44-E835854D9246}.Debug|Any CPU.Build.0 = Debug|x86
		{C4499BDA-7ED5-4CB6-9B44-E835854D9246}.Debug|Mixed Platforms.ActiveCfg = Debug|x86
		{C4499BDA-7ED5-4CB6-9B44-E835854D9246}.Debug|Mixed Platforms.Build.0 = Debug|x86
		{C4499BDA-7ED5-4CB6-9B44-E835854D9246}.Debug|x86.ActiveCfg = Debug|x86
		{C4499BDA-7ED5-4CB6-9B44-E835854D9246}.Debug|x86.Build.0 = Debug|x86
		{C4499BDA-7ED5-4CB6-9B44-E835854D9246}.Default|Any CPU.ActiveCfg = Debug|x86
		{C4499BDA-7ED5-4CB6-9B44-E835854D9246}.Default|Mixed Platforms.ActiveCfg = Debug|x86
		{C4499BDA-7ED5-4CB6-9B44-E835854D9246}.Default|Mixed Platforms.Build.0 = Debug|x86
		{C4499BDA-7ED5-4CB6-9B44-E835854D9246}.Default|x86.ActiveCfg = Debug|x86
		{C4499BDA-7ED5-4CB6-9B44-E835854D9246}.Default|x86.Build.0 = Debug|x86
		{C4499BDA-7ED5-4CB6-9B44-E835854D9246}.Release|Any CPU.ActiveCfg = Release|x86
		{C4499BDA-7ED5-4CB6-9B44-E835854D9246}.Release|Mixed Platforms.ActiveCfg = Release|x86
		{C4499BDA-7ED5-4CB6-9B44-E835854D9246}.Release|Mixed Platforms.Build.0 = Release|x86
		{C4499BDA-7ED5-4CB6-9B44-E835854D9246}.Release|x86.ActiveCfg = Release|x86
		{C4499BDA-7ED5-4CB6-9B44-E835854D9246}.Release|x86.Build.0 = Release|x86
		{E7EDAFD6-1DD3-4D85-806A-20340032D2A9}.Debug|Any CPU.ActiveCfg = Debug|Any CPU
		{E7EDAFD6-1DD3-4D85-806A-20340032D2A9}.Debug|Any CPU.Build.0 = Debug|Any CPU
		{E7EDAFD6-1DD3-4D85-806A-20340032D2A9}.Debug|Mixed Platforms.ActiveCfg = Debug|Any CPU
		{E7EDAFD6-1DD3-4D85-806A-20340032D2A9}.Debug|Mixed Platforms.Build.0 = Debug|Any CPU
		{E7EDAFD6-1DD3-4D85-806A-20340032D2A9}.Debug|x86.ActiveCfg = Debug|Any CPU
		{E7EDAFD6-1DD3-4D85-806A-20340032D2A9}.Default|Any CPU.ActiveCfg = Debug|Any CPU
		{E7EDAFD6-1DD3-4D85-806A-20340032D2A9}.Default|Any CPU.Build.0 = Debug|Any CPU
		{E7EDAFD6-1DD3-4D85-806A-20340032D2A9}.Default|Mixed Platforms.ActiveCfg = Debug|Any CPU
		{E7EDAFD6-1DD3-4D85-806A-20340032D2A9}.Default|Mixed Platforms.Build.0 = Debug|Any CPU
		{E7EDAFD6-1DD3-4D85-806A-20340032D2A9}.Default|x86.ActiveCfg = Debug|Any CPU
		{E7EDAFD6-1DD3-4D85-806A-20340032D2A9}.Release|Any CPU.ActiveCfg = Release|Any CPU
		{E7EDAFD6-1DD3-4D85-806A-20340032D2A9}.Release|Any CPU.Build.0 = Release|Any CPU
		{E7EDAFD6-1DD3-4D85-806A-20340032D2A9}.Release|Mixed Platforms.ActiveCfg = Release|Any CPU
		{E7EDAFD6-1DD3-4D85-806A-20340032D2A9}.Release|Mixed Platforms.Build.0 = Release|Any CPU
		{E7EDAFD6-1DD3-4D85-806A-20340032D2A9}.Release|x86.ActiveCfg = Release|Any CPU
		{437CDD05-6DF9-46CB-95C0-36774B10AACB}.Debug|Any CPU.ActiveCfg = Debug|Any CPU
		{437CDD05-6DF9-46CB-95C0-36774B10AACB}.Debug|Any CPU.Build.0 = Debug|Any CPU
		{437CDD05-6DF9-46CB-95C0-36774B10AACB}.Debug|Mixed Platforms.ActiveCfg = Debug|Any CPU
		{437CDD05-6DF9-46CB-95C0-36774B10AACB}.Debug|Mixed Platforms.Build.0 = Debug|Any CPU
		{437CDD05-6DF9-46CB-95C0-36774B10AACB}.Debug|x86.ActiveCfg = Debug|Any CPU
		{437CDD05-6DF9-46CB-95C0-36774B10AACB}.Default|Any CPU.ActiveCfg = Debug|Any CPU
		{437CDD05-6DF9-46CB-95C0-36774B10AACB}.Default|Any CPU.Build.0 = Debug|Any CPU
		{437CDD05-6DF9-46CB-95C0-36774B10AACB}.Default|Mixed Platforms.ActiveCfg = Debug|Any CPU
		{437CDD05-6DF9-46CB-95C0-36774B10AACB}.Default|Mixed Platforms.Build.0 = Debug|Any CPU
		{437CDD05-6DF9-46CB-95C0-36774B10AACB}.Default|x86.ActiveCfg = Debug|Any CPU
		{437CDD05-6DF9-46CB-95C0-36774B10AACB}.Release|Any CPU.ActiveCfg = Release|Any CPU
		{437CDD05-6DF9-46CB-95C0-36774B10AACB}.Release|Any CPU.Build.0 = Release|Any CPU
		{437CDD05-6DF9-46CB-95C0-36774B10AACB}.Release|Mixed Platforms.ActiveCfg = Release|Any CPU
		{437CDD05-6DF9-46CB-95C0-36774B10AACB}.Release|Mixed Platforms.Build.0 = Release|Any CPU
		{437CDD05-6DF9-46CB-95C0-36774B10AACB}.Release|x86.ActiveCfg = Release|Any CPU
		{FD894CD2-4D67-4BD8-8E3C-CDA4BD7A00A3}.Debug|Any CPU.ActiveCfg = Debug|Any CPU
		{FD894CD2-4D67-4BD8-8E3C-CDA4BD7A00A3}.Debug|Any CPU.Build.0 = Debug|Any CPU
		{FD894CD2-4D67-4BD8-8E3C-CDA4BD7A00A3}.Debug|Mixed Platforms.ActiveCfg = Debug|Any CPU
		{FD894CD2-4D67-4BD8-8E3C-CDA4BD7A00A3}.Debug|Mixed Platforms.Build.0 = Debug|Any CPU
		{FD894CD2-4D67-4BD8-8E3C-CDA4BD7A00A3}.Debug|x86.ActiveCfg = Debug|Any CPU
		{FD894CD2-4D67-4BD8-8E3C-CDA4BD7A00A3}.Default|Any CPU.ActiveCfg = Debug|Any CPU
		{FD894CD2-4D67-4BD8-8E3C-CDA4BD7A00A3}.Default|Any CPU.Build.0 = Debug|Any CPU
		{FD894CD2-4D67-4BD8-8E3C-CDA4BD7A00A3}.Default|Mixed Platforms.ActiveCfg = Debug|Any CPU
		{FD894CD2-4D67-4BD8-8E3C-CDA4BD7A00A3}.Default|Mixed Platforms.Build.0 = Debug|Any CPU
		{FD894CD2-4D67-4BD8-8E3C-CDA4BD7A00A3}.Default|x86.ActiveCfg = Debug|Any CPU
		{FD894CD2-4D67-4BD8-8E3C-CDA4BD7A00A3}.Release|Any CPU.ActiveCfg = Release|Any CPU
		{FD894CD2-4D67-4BD8-8E3C-CDA4BD7A00A3}.Release|Any CPU.Build.0 = Release|Any CPU
		{FD894CD2-4D67-4BD8-8E3C-CDA4BD7A00A3}.Release|Mixed Platforms.ActiveCfg = Release|Any CPU
		{FD894CD2-4D67-4BD8-8E3C-CDA4BD7A00A3}.Release|Mixed Platforms.Build.0 = Release|Any CPU
		{FD894CD2-4D67-4BD8-8E3C-CDA4BD7A00A3}.Release|x86.ActiveCfg = Release|Any CPU
	EndGlobalSection
	GlobalSection(SolutionProperties) = preSolution
		HideSolutionNode = FALSE
	EndGlobalSection
	GlobalSection(NestedProjects) = preSolution
		{83042F56-9FAD-4827-B542-6873F93D7940} = {C6A39A77-AEF6-421D-8198-E15821B80F9D}
		{FD894CD2-4D67-4BD8-8E3C-CDA4BD7A00A3} = {C6A39A77-AEF6-421D-8198-E15821B80F9D}
	EndGlobalSection
	GlobalSection(MonoDevelopProperties) = preSolution
		StartupItem = DbUp\DbUp.csproj
	EndGlobalSection
EndGlobal
