
Microsoft Visual Studio Solution File, Format Version 12.00
Project("{FAE04EC0-301F-11D3-BF4B-00C04F79EFBC}") = "dbup-core", "dbup-core\dbup-core.csproj", "{7F447160-D457-4F9F-93E0-305454F27679}"
EndProject
Project("{FAE04EC0-301F-11D3-BF4B-00C04F79EFBC}") = "dbup-tests", "dbup-tests\dbup-tests.csproj", "{01A67D3A-3F1B-4F2D-9C97-6FD66925D655}"
EndProject
Project("{FAE04EC0-301F-11D3-BF4B-00C04F79EFBC}") = "Tests.Common", "Tests.Common\Tests.Common.csproj", "{964FA18E-FFE4-4E68-90A1-29B2805D44E5}"
EndProject
Project("{2150E333-8FDC-42A3-9474-1A3956D46DE8}") = "Firebird", "Firebird", "{37DA6569-6D62-499D-B96E-B027880BF981}"
EndProject
Project("{FAE04EC0-301F-11D3-BF4B-00C04F79EFBC}") = "dbup-firebird", "..\..\dbup-firebird\src\dbup-firebird\dbup-firebird.csproj", "{C8FA0DE5-2CF1-4344-B405-E4EAC6556F3C}"
EndProject
Project("{FAE04EC0-301F-11D3-BF4B-00C04F79EFBC}") = "Tests", "..\..\dbup-firebird\src\Tests\Tests.csproj", "{1775939E-A46F-43BC-BD85-43721CA9C757}"
EndProject
Project("{FAE04EC0-301F-11D3-BF4B-00C04F79EFBC}") = "Sample", "..\..\dbup-firebird\src\Sample\Sample.csproj", "{8D8CE77A-5322-49FC-8818-BBB8BD5D621C}"
EndProject
Project("{2150E333-8FDC-42A3-9474-1A3956D46DE8}") = "SQLAnywhere", "SQLAnywhere", "{B5E0E5B7-3511-44A0-9F8C-C08BDA3D688E}"
EndProject
Project("{FAE04EC0-301F-11D3-BF4B-00C04F79EFBC}") = "dbup-sqlanywhere", "..\..\dbup-sqlanywhere\src\dbup-sqlanywhere\dbup-sqlanywhere.csproj", "{0817F581-C70E-4CE8-932F-D88BD44B7771}"
EndProject
Project("{FAE04EC0-301F-11D3-BF4B-00C04F79EFBC}") = "Tests", "..\..\dbup-sqlanywhere\src\Tests\Tests.csproj", "{A38EAD84-6C54-4889-8554-E24F1945665A}"
EndProject

Project("{2150E333-8FDC-42A3-9474-1A3956D46DE8}") = "MySQL", "MySQL", "{B32F21C2-800D-4B23-B434-1B5A004A5B76}"
EndProject
Project("{FAE04EC0-301F-11D3-BF4B-00C04F79EFBC}") = "dbup-mysql", "..\..\dbup-mysql\src\dbup-mysql\dbup-mysql.csproj", "{B87747CB-C665-4174-BE15-FE535A8A42EF}"
EndProject
Project("{FAE04EC0-301F-11D3-BF4B-00C04F79EFBC}") = "Tests", "..\..\dbup-mysql\src\Tests\Tests.csproj", "{D09207A3-33CF-4C50-8642-6181801E0736}"
EndProject

Project("{2150E333-8FDC-42A3-9474-1A3956D46DE8}") = "Oracle", "Oracle", "{647AD1DF-BBC4-4940-9AB7-C0FBD63FF2B5}"
EndProject
Project("{FAE04EC0-301F-11D3-BF4B-00C04F79EFBC}") = "dbup-oracle", "..\..\dbup-oracle\src\dbup-oracle\dbup-oracle.csproj", "{2D181C75-D1BC-40EE-AD8F-83BC0F06786A}"
EndProject
Project("{FAE04EC0-301F-11D3-BF4B-00C04F79EFBC}") = "Tests", "..\..\dbup-oracle\src\Tests\Tests.csproj", "{E1B7D4CF-56B4-441B-9496-AB7043DA9B52}"
EndProject

Project("{2150E333-8FDC-42A3-9474-1A3956D46DE8}") = "PostgreSQL", "PostgreSQL", "{F602BFEF-A97B-43C8-AC38-115892A65A96}"
EndProject
Project("{FAE04EC0-301F-11D3-BF4B-00C04F79EFBC}") = "dbup-postgresql", "..\..\dbup-postgresql\src\dbup-postgresql\dbup-postgresql.csproj", "{0CDFBB3E-3D1C-4796-B649-1177CC104FF4}"
EndProject
Project("{FAE04EC0-301F-11D3-BF4B-00C04F79EFBC}") = "Tests", "..\..\dbup-postgresql\src\Tests\Tests.csproj", "{CC4745FC-B2CA-48A5-A31A-3EFEE8D362C7}"
EndProject

Project("{2150E333-8FDC-42A3-9474-1A3956D46DE8}") = "Redshift", "Redshift", "{22963D46-1B97-41A9-9676-0B814E508D6A}"
EndProject
Project("{FAE04EC0-301F-11D3-BF4B-00C04F79EFBC}") = "dbup-redshift", "..\..\dbup-redshift\src\dbup-redshift\dbup-redshift.csproj", "{8995FAE8-E28A-40C6-A016-89BA8AA4A17C}"
EndProject
Project("{FAE04EC0-301F-11D3-BF4B-00C04F79EFBC}") = "Tests", "..\..\dbup-redshift\src\Tests\Tests.csproj", "{5E9A73DC-8BB8-4DEC-9BA6-B471E69BE500}"
EndProject

Project("{2150E333-8FDC-42A3-9474-1A3956D46DE8}") = "SqlCE", "SqlCE", "{6A3FF298-257B-49DF-BDF4-B25ABAC946D2}"
EndProject
Project("{FAE04EC0-301F-11D3-BF4B-00C04F79EFBC}") = "dbup-sqlce", "..\..\dbup-sqlce\src\dbup-sqlce\dbup-sqlce.csproj", "{C888574A-51F6-4555-8CED-54CFF4B8F7B5}"
EndProject
Project("{FAE04EC0-301F-11D3-BF4B-00C04F79EFBC}") = "Tests", "..\..\dbup-sqlce\src\Tests\Tests.csproj", "{EA7A2074-7828-48E2-815A-A2FA993C6ADF}"
EndProject

Project("{2150E333-8FDC-42A3-9474-1A3956D46DE8}") = "SQLite", "SQLite", "{306E19AE-0CCF-4641-AEFC-E7DEB42C1FA0}"
EndProject
Project("{FAE04EC0-301F-11D3-BF4B-00C04F79EFBC}") = "dbup-sqlite", "..\..\dbup-sqlite\src\dbup-sqlite\dbup-sqlite.csproj", "{CCCE373B-E624-4648-B8C5-4D342A0FB289}"
EndProject
Project("{FAE04EC0-301F-11D3-BF4B-00C04F79EFBC}") = "Tests", "..\..\dbup-sqlite\src\Tests\Tests.csproj", "{A280374B-61EC-4C65-B831-149FA25B5F5E}"
EndProject

Project("{2150E333-8FDC-42A3-9474-1A3956D46DE8}") = "SQLite Mono", "SQLite Mono", "{027D1FB6-6710-44C3-AF74-307E87BDCA90}"
EndProject
Project("{FAE04EC0-301F-11D3-BF4B-00C04F79EFBC}") = "dbup-sqlite-mono", "..\..\dbup-sqlite-mono\src\dbup-sqlite-mono\dbup-sqlite-mono.csproj", "{AAFE37DF-EC55-4254-9455-3EA9407D9A80}"
EndProject
Project("{FAE04EC0-301F-11D3-BF4B-00C04F79EFBC}") = "Tests", "..\..\dbup-sqlite-mono\src\Tests\Tests.csproj", "{226787C4-67FC-404C-B363-3BA4BA8B5AD5}"
EndProject

Project("{2150E333-8FDC-42A3-9474-1A3956D46DE8}") = "SqlServer", "SqlServer", "{14634447-9D9A-47B3-9936-55A8B0FD3F8E}"
EndProject
Project("{FAE04EC0-301F-11D3-BF4B-00C04F79EFBC}") = "dbup-sqlserver", "..\..\dbup-sqlserver\src\dbup-sqlserver\dbup-sqlserver.csproj", "{FDED3E65-6A86-4520-BBD3-14A9C3E263CB}"
EndProject
Project("{FAE04EC0-301F-11D3-BF4B-00C04F79EFBC}") = "Tests", "..\..\dbup-sqlserver\src\Tests\Tests.csproj", "{BC2D80E2-FE6D-4F4F-8528-F5FEC43AEBBA}"
EndProject

Global
	GlobalSection(SolutionConfigurationPlatforms) = preSolution
		Debug|Any CPU = Debug|Any CPU
		Release|Any CPU = Release|Any CPU
	EndGlobalSection
	GlobalSection(ProjectConfigurationPlatforms) = postSolution
		{7F447160-D457-4F9F-93E0-305454F27679}.Debug|Any CPU.ActiveCfg = Debug|Any CPU
		{7F447160-D457-4F9F-93E0-305454F27679}.Debug|Any CPU.Build.0 = Debug|Any CPU
		{7F447160-D457-4F9F-93E0-305454F27679}.Release|Any CPU.ActiveCfg = Release|Any CPU
		{7F447160-D457-4F9F-93E0-305454F27679}.Release|Any CPU.Build.0 = Release|Any CPU
		{01A67D3A-3F1B-4F2D-9C97-6FD66925D655}.Debug|Any CPU.ActiveCfg = Debug|Any CPU
		{01A67D3A-3F1B-4F2D-9C97-6FD66925D655}.Debug|Any CPU.Build.0 = Debug|Any CPU
		{01A67D3A-3F1B-4F2D-9C97-6FD66925D655}.Release|Any CPU.ActiveCfg = Release|Any CPU
		{01A67D3A-3F1B-4F2D-9C97-6FD66925D655}.Release|Any CPU.Build.0 = Release|Any CPU
		{964FA18E-FFE4-4E68-90A1-29B2805D44E5}.Debug|Any CPU.ActiveCfg = Debug|Any CPU
		{964FA18E-FFE4-4E68-90A1-29B2805D44E5}.Debug|Any CPU.Build.0 = Debug|Any CPU
		{964FA18E-FFE4-4E68-90A1-29B2805D44E5}.Release|Any CPU.ActiveCfg = Release|Any CPU
		{964FA18E-FFE4-4E68-90A1-29B2805D44E5}.Release|Any CPU.Build.0 = Release|Any CPU
		{C8FA0DE5-2CF1-4344-B405-E4EAC6556F3C}.Debug|Any CPU.ActiveCfg = Debug|Any CPU
		{C8FA0DE5-2CF1-4344-B405-E4EAC6556F3C}.Debug|Any CPU.Build.0 = Debug|Any CPU
		{C8FA0DE5-2CF1-4344-B405-E4EAC6556F3C}.Release|Any CPU.ActiveCfg = Release|Any CPU
		{C8FA0DE5-2CF1-4344-B405-E4EAC6556F3C}.Release|Any CPU.Build.0 = Release|Any CPU
		{1775939E-A46F-43BC-BD85-43721CA9C757}.Debug|Any CPU.ActiveCfg = Debug|Any CPU
		{1775939E-A46F-43BC-BD85-43721CA9C757}.Debug|Any CPU.Build.0 = Debug|Any CPU
		{1775939E-A46F-43BC-BD85-43721CA9C757}.Release|Any CPU.ActiveCfg = Release|Any CPU
		{1775939E-A46F-43BC-BD85-43721CA9C757}.Release|Any CPU.Build.0 = Release|Any CPU
		{0817F581-C70E-4CE8-932F-D88BD44B7771}.Debug|Any CPU.ActiveCfg = Debug|Any CPU
		{0817F581-C70E-4CE8-932F-D88BD44B7771}.Debug|Any CPU.Build.0 = Debug|Any CPU
		{0817F581-C70E-4CE8-932F-D88BD44B7771}.Release|Any CPU.ActiveCfg = Release|Any CPU
		{0817F581-C70E-4CE8-932F-D88BD44B7771}.Release|Any CPU.Build.0 = Release|Any CPU
		{A38EAD84-6C54-4889-8554-E24F1945665A}.Debug|Any CPU.ActiveCfg = Debug|Any CPU
		{A38EAD84-6C54-4889-8554-E24F1945665A}.Debug|Any CPU.Build.0 = Debug|Any CPU
		{A38EAD84-6C54-4889-8554-E24F1945665A}.Release|Any CPU.ActiveCfg = Release|Any CPU
		{A38EAD84-6C54-4889-8554-E24F1945665A}.Release|Any CPU.Build.0 = Release|Any CPU
		{8D8CE77A-5322-49FC-8818-BBB8BD5D621C}.Debug|Any CPU.ActiveCfg = Debug|Any CPU
		{8D8CE77A-5322-49FC-8818-BBB8BD5D621C}.Debug|Any CPU.Build.0 = Debug|Any CPU
		{8D8CE77A-5322-49FC-8818-BBB8BD5D621C}.Release|Any CPU.ActiveCfg = Release|Any CPU
		{8D8CE77A-5322-49FC-8818-BBB8BD5D621C}.Release|Any CPU.Build.0 = Release|Any CPU
		{B87747CB-C665-4174-BE15-FE535A8A42EF}.Debug|Any CPU.ActiveCfg = Debug|Any CPU
		{B87747CB-C665-4174-BE15-FE535A8A42EF}.Debug|Any CPU.Build.0 = Debug|Any CPU
		{B87747CB-C665-4174-BE15-FE535A8A42EF}.Release|Any CPU.ActiveCfg = Release|Any CPU
		{B87747CB-C665-4174-BE15-FE535A8A42EF}.Release|Any CPU.Build.0 = Release|Any CPU
		{2D181C75-D1BC-40EE-AD8F-83BC0F06786A}.Debug|Any CPU.ActiveCfg = Debug|Any CPU
		{2D181C75-D1BC-40EE-AD8F-83BC0F06786A}.Debug|Any CPU.Build.0 = Debug|Any CPU
		{2D181C75-D1BC-40EE-AD8F-83BC0F06786A}.Release|Any CPU.ActiveCfg = Release|Any CPU
		{2D181C75-D1BC-40EE-AD8F-83BC0F06786A}.Release|Any CPU.Build.0 = Release|Any CPU
		{0CDFBB3E-3D1C-4796-B649-1177CC104FF4}.Debug|Any CPU.ActiveCfg = Debug|Any CPU
		{0CDFBB3E-3D1C-4796-B649-1177CC104FF4}.Debug|Any CPU.Build.0 = Debug|Any CPU
		{0CDFBB3E-3D1C-4796-B649-1177CC104FF4}.Release|Any CPU.ActiveCfg = Release|Any CPU
		{0CDFBB3E-3D1C-4796-B649-1177CC104FF4}.Release|Any CPU.Build.0 = Release|Any CPU
		{8995FAE8-E28A-40C6-A016-89BA8AA4A17C}.Debug|Any CPU.ActiveCfg = Debug|Any CPU
		{8995FAE8-E28A-40C6-A016-89BA8AA4A17C}.Debug|Any CPU.Build.0 = Debug|Any CPU
		{8995FAE8-E28A-40C6-A016-89BA8AA4A17C}.Release|Any CPU.ActiveCfg = Release|Any CPU
		{8995FAE8-E28A-40C6-A016-89BA8AA4A17C}.Release|Any CPU.Build.0 = Release|Any CPU
		{C888574A-51F6-4555-8CED-54CFF4B8F7B5}.Debug|Any CPU.ActiveCfg = Debug|Any CPU
		{C888574A-51F6-4555-8CED-54CFF4B8F7B5}.Debug|Any CPU.Build.0 = Debug|Any CPU
		{C888574A-51F6-4555-8CED-54CFF4B8F7B5}.Release|Any CPU.ActiveCfg = Release|Any CPU
		{C888574A-51F6-4555-8CED-54CFF4B8F7B5}.Release|Any CPU.Build.0 = Release|Any CPU
		{CCCE373B-E624-4648-B8C5-4D342A0FB289}.Debug|Any CPU.ActiveCfg = Debug|Any CPU
		{CCCE373B-E624-4648-B8C5-4D342A0FB289}.Debug|Any CPU.Build.0 = Debug|Any CPU
		{CCCE373B-E624-4648-B8C5-4D342A0FB289}.Release|Any CPU.ActiveCfg = Release|Any CPU
		{CCCE373B-E624-4648-B8C5-4D342A0FB289}.Release|Any CPU.Build.0 = Release|Any CPU
		{AAFE37DF-EC55-4254-9455-3EA9407D9A80}.Debug|Any CPU.ActiveCfg = Debug|Any CPU
		{AAFE37DF-EC55-4254-9455-3EA9407D9A80}.Debug|Any CPU.Build.0 = Debug|Any CPU
		{AAFE37DF-EC55-4254-9455-3EA9407D9A80}.Release|Any CPU.ActiveCfg = Release|Any CPU
		{AAFE37DF-EC55-4254-9455-3EA9407D9A80}.Release|Any CPU.Build.0 = Release|Any CPU
		{FDED3E65-6A86-4520-BBD3-14A9C3E263CB}.Debug|Any CPU.ActiveCfg = Debug|Any CPU
		{FDED3E65-6A86-4520-BBD3-14A9C3E263CB}.Debug|Any CPU.Build.0 = Debug|Any CPU
		{FDED3E65-6A86-4520-BBD3-14A9C3E263CB}.Release|Any CPU.ActiveCfg = Release|Any CPU
		{FDED3E65-6A86-4520-BBD3-14A9C3E263CB}.Release|Any CPU.Build.0 = Release|Any CPU
		{D09207A3-33CF-4C50-8642-6181801E0736}.Debug|Any CPU.ActiveCfg = Debug|Any CPU
		{D09207A3-33CF-4C50-8642-6181801E0736}.Debug|Any CPU.Build.0 = Debug|Any CPU
		{D09207A3-33CF-4C50-8642-6181801E0736}.Release|Any CPU.ActiveCfg = Release|Any CPU
		{D09207A3-33CF-4C50-8642-6181801E0736}.Release|Any CPU.Build.0 = Release|Any CPU
		{E1B7D4CF-56B4-441B-9496-AB7043DA9B52}.Debug|Any CPU.ActiveCfg = Debug|Any CPU
		{E1B7D4CF-56B4-441B-9496-AB7043DA9B52}.Debug|Any CPU.Build.0 = Debug|Any CPU
		{E1B7D4CF-56B4-441B-9496-AB7043DA9B52}.Release|Any CPU.ActiveCfg = Release|Any CPU
		{E1B7D4CF-56B4-441B-9496-AB7043DA9B52}.Release|Any CPU.Build.0 = Release|Any CPU
		{CC4745FC-B2CA-48A5-A31A-3EFEE8D362C7}.Debug|Any CPU.ActiveCfg = Debug|Any CPU
		{CC4745FC-B2CA-48A5-A31A-3EFEE8D362C7}.Debug|Any CPU.Build.0 = Debug|Any CPU
		{CC4745FC-B2CA-48A5-A31A-3EFEE8D362C7}.Release|Any CPU.ActiveCfg = Release|Any CPU
		{CC4745FC-B2CA-48A5-A31A-3EFEE8D362C7}.Release|Any CPU.Build.0 = Release|Any CPU
		{5E9A73DC-8BB8-4DEC-9BA6-B471E69BE500}.Debug|Any CPU.ActiveCfg = Debug|Any CPU
		{5E9A73DC-8BB8-4DEC-9BA6-B471E69BE500}.Debug|Any CPU.Build.0 = Debug|Any CPU
		{5E9A73DC-8BB8-4DEC-9BA6-B471E69BE500}.Release|Any CPU.ActiveCfg = Release|Any CPU
		{5E9A73DC-8BB8-4DEC-9BA6-B471E69BE500}.Release|Any CPU.Build.0 = Release|Any CPU
		{EA7A2074-7828-48E2-815A-A2FA993C6ADF}.Debug|Any CPU.ActiveCfg = Debug|Any CPU
		{EA7A2074-7828-48E2-815A-A2FA993C6ADF}.Debug|Any CPU.Build.0 = Debug|Any CPU
		{EA7A2074-7828-48E2-815A-A2FA993C6ADF}.Release|Any CPU.ActiveCfg = Release|Any CPU
		{EA7A2074-7828-48E2-815A-A2FA993C6ADF}.Release|Any CPU.Build.0 = Release|Any CPU
		{A280374B-61EC-4C65-B831-149FA25B5F5E}.Debug|Any CPU.ActiveCfg = Debug|Any CPU
		{A280374B-61EC-4C65-B831-149FA25B5F5E}.Debug|Any CPU.Build.0 = Debug|Any CPU
		{A280374B-61EC-4C65-B831-149FA25B5F5E}.Release|Any CPU.ActiveCfg = Release|Any CPU
		{A280374B-61EC-4C65-B831-149FA25B5F5E}.Release|Any CPU.Build.0 = Release|Any CPU
		{226787C4-67FC-404C-B363-3BA4BA8B5AD5}.Debug|Any CPU.ActiveCfg = Debug|Any CPU
		{226787C4-67FC-404C-B363-3BA4BA8B5AD5}.Debug|Any CPU.Build.0 = Debug|Any CPU
		{226787C4-67FC-404C-B363-3BA4BA8B5AD5}.Release|Any CPU.ActiveCfg = Release|Any CPU
		{226787C4-67FC-404C-B363-3BA4BA8B5AD5}.Release|Any CPU.Build.0 = Release|Any CPU
		{BC2D80E2-FE6D-4F4F-8528-F5FEC43AEBBA}.Debug|Any CPU.ActiveCfg = Debug|Any CPU
		{BC2D80E2-FE6D-4F4F-8528-F5FEC43AEBBA}.Debug|Any CPU.Build.0 = Debug|Any CPU
		{BC2D80E2-FE6D-4F4F-8528-F5FEC43AEBBA}.Release|Any CPU.ActiveCfg = Release|Any CPU
		{BC2D80E2-FE6D-4F4F-8528-F5FEC43AEBBA}.Release|Any CPU.Build.0 = Release|Any CPU
	EndGlobalSection
	GlobalSection(NestedProjects) = preSolution
		{1775939E-A46F-43BC-BD85-43721CA9C757} = {37DA6569-6D62-499D-B96E-B027880BF981}
		{8D8CE77A-5322-49FC-8818-BBB8BD5D621C} = {37DA6569-6D62-499D-B96E-B027880BF981}
		{C8FA0DE5-2CF1-4344-B405-E4EAC6556F3C} = {37DA6569-6D62-499D-B96E-B027880BF981}
		{0817F581-C70E-4CE8-932F-D88BD44B7771} = {B5E0E5B7-3511-44A0-9F8C-C08BDA3D688E}
		{A38EAD84-6C54-4889-8554-E24F1945665A} = {B5E0E5B7-3511-44A0-9F8C-C08BDA3D688E}
		{A280374B-61EC-4C65-B831-149FA25B5F5E} = {306E19AE-0CCF-4641-AEFC-E7DEB42C1FA0}
		{CCCE373B-E624-4648-B8C5-4D342A0FB289} = {306E19AE-0CCF-4641-AEFC-E7DEB42C1FA0}
		{226787C4-67FC-404C-B363-3BA4BA8B5AD5} = {027D1FB6-6710-44C3-AF74-307E87BDCA90}
		{AAFE37DF-EC55-4254-9455-3EA9407D9A80} = {027D1FB6-6710-44C3-AF74-307E87BDCA90}
		{EA7A2074-7828-48E2-815A-A2FA993C6ADF} = {6A3FF298-257B-49DF-BDF4-B25ABAC946D2}
		{C888574A-51F6-4555-8CED-54CFF4B8F7B5} = {6A3FF298-257B-49DF-BDF4-B25ABAC946D2}
		{BC2D80E2-FE6D-4F4F-8528-F5FEC43AEBBA} = {14634447-9D9A-47B3-9936-55A8B0FD3F8E}
		{FDED3E65-6A86-4520-BBD3-14A9C3E263CB} = {14634447-9D9A-47B3-9936-55A8B0FD3F8E}
		{D09207A3-33CF-4C50-8642-6181801E0736} = {B32F21C2-800D-4B23-B434-1B5A004A5B76}
		{B87747CB-C665-4174-BE15-FE535A8A42EF} = {B32F21C2-800D-4B23-B434-1B5A004A5B76}
		{CC4745FC-B2CA-48A5-A31A-3EFEE8D362C7} = {F602BFEF-A97B-43C8-AC38-115892A65A96}
		{0CDFBB3E-3D1C-4796-B649-1177CC104FF4} = {F602BFEF-A97B-43C8-AC38-115892A65A96}
		{5E9A73DC-8BB8-4DEC-9BA6-B471E69BE500} = {22963D46-1B97-41A9-9676-0B814E508D6A}
		{E1B7D4CF-56B4-441B-9496-AB7043DA9B52} = {647AD1DF-BBC4-4940-9AB7-C0FBD63FF2B5}
		{2D181C75-D1BC-40EE-AD8F-83BC0F06786A} = {647AD1DF-BBC4-4940-9AB7-C0FBD63FF2B5}
		{8995FAE8-E28A-40C6-A016-89BA8AA4A17C} = {22963D46-1B97-41A9-9676-0B814E508D6A}
	EndGlobalSection
EndGlobal
